// !$*UTF8*$!
{
	archiveVersion = 1;
	classes = {
	};
	objectVersion = 55;
	objects = {

/* Begin PBXBuildFile section */
		81709EF6286875D0008C0996 /* SideBarDrawer.docc in Sources */ = {isa = PBXBuildFile; fileRef = 81709EF5286875D0008C0996 /* SideBarDrawer.docc */; };
		81709EFC286875D0008C0996 /* SideBarDrawer.framework in Frameworks */ = {isa = PBXBuildFile; fileRef = 81709EF1286875D0008C0996 /* SideBarDrawer.framework */; };
		81709F01286875D0008C0996 /* SideBarDrawerTests.swift in Sources */ = {isa = PBXBuildFile; fileRef = 81709F00286875D0008C0996 /* SideBarDrawerTests.swift */; };
		81709F02286875D0008C0996 /* SideBarDrawer.h in Headers */ = {isa = PBXBuildFile; fileRef = 81709EF4286875D0008C0996 /* SideBarDrawer.h */; settings = {ATTRIBUTES = (Public, ); }; };
		81709F0C2868761A008C0996 /* SideBarViewController.swift in Sources */ = {isa = PBXBuildFile; fileRef = 81709F0B2868761A008C0996 /* SideBarViewController.swift */; };
/* End PBXBuildFile section */

/* Begin PBXContainerItemProxy section */
		81709EFD286875D0008C0996 /* PBXContainerItemProxy */ = {
			isa = PBXContainerItemProxy;
			containerPortal = 81709EE8286875D0008C0996 /* Project object */;
			proxyType = 1;
			remoteGlobalIDString = 81709EF0286875D0008C0996;
			remoteInfo = SideBarDrawer;
		};
		81709F4F28687EA5008C0996 /* PBXContainerItemProxy */ = {
			isa = PBXContainerItemProxy;
			containerPortal = 81709F4928687EA5008C0996 /* SideBarDrawerDemo.xcodeproj */;
			proxyType = 2;
			remoteGlobalIDString = 81709F1628687E86008C0996;
			remoteInfo = SideBarDrawerDemo;
		};
		81709F5128687EA5008C0996 /* PBXContainerItemProxy */ = {
			isa = PBXContainerItemProxy;
			containerPortal = 81709F4928687EA5008C0996 /* SideBarDrawerDemo.xcodeproj */;
			proxyType = 2;
			remoteGlobalIDString = 81709F2C28687E87008C0996;
			remoteInfo = SideBarDrawerDemoTests;
		};
		81709F5328687EA5008C0996 /* PBXContainerItemProxy */ = {
			isa = PBXContainerItemProxy;
			containerPortal = 81709F4928687EA5008C0996 /* SideBarDrawerDemo.xcodeproj */;
			proxyType = 2;
			remoteGlobalIDString = 81709F3628687E87008C0996;
			remoteInfo = SideBarDrawerDemoUITests;
		};
/* End PBXContainerItemProxy section */

/* Begin PBXFileReference section */
		81709EF1286875D0008C0996 /* SideBarDrawer.framework */ = {isa = PBXFileReference; explicitFileType = wrapper.framework; includeInIndex = 0; path = SideBarDrawer.framework; sourceTree = BUILT_PRODUCTS_DIR; };
		81709EF4286875D0008C0996 /* SideBarDrawer.h */ = {isa = PBXFileReference; lastKnownFileType = sourcecode.c.h; path = SideBarDrawer.h; sourceTree = "<group>"; };
		81709EF5286875D0008C0996 /* SideBarDrawer.docc */ = {isa = PBXFileReference; lastKnownFileType = folder.documentationcatalog; path = SideBarDrawer.docc; sourceTree = "<group>"; };
		81709EFB286875D0008C0996 /* SideBarDrawerTests.xctest */ = {isa = PBXFileReference; explicitFileType = wrapper.cfbundle; includeInIndex = 0; path = SideBarDrawerTests.xctest; sourceTree = BUILT_PRODUCTS_DIR; };
		81709F00286875D0008C0996 /* SideBarDrawerTests.swift */ = {isa = PBXFileReference; lastKnownFileType = sourcecode.swift; path = SideBarDrawerTests.swift; sourceTree = "<group>"; };
		81709F0B2868761A008C0996 /* SideBarViewController.swift */ = {isa = PBXFileReference; lastKnownFileType = sourcecode.swift; path = SideBarViewController.swift; sourceTree = "<group>"; };
		81709F4928687EA5008C0996 /* SideBarDrawerDemo.xcodeproj */ = {isa = PBXFileReference; lastKnownFileType = "wrapper.pb-project"; name = SideBarDrawerDemo.xcodeproj; path = DemoApp/SideBarDrawerDemo/SideBarDrawerDemo.xcodeproj; sourceTree = "<group>"; };
/* End PBXFileReference section */

/* Begin PBXFrameworksBuildPhase section */
		81709EEE286875D0008C0996 /* Frameworks */ = {
			isa = PBXFrameworksBuildPhase;
			buildActionMask = 2147483647;
			files = (
			);
			runOnlyForDeploymentPostprocessing = 0;
		};
		81709EF8286875D0008C0996 /* Frameworks */ = {
			isa = PBXFrameworksBuildPhase;
			buildActionMask = 2147483647;
			files = (
				81709EFC286875D0008C0996 /* SideBarDrawer.framework in Frameworks */,
			);
			runOnlyForDeploymentPostprocessing = 0;
		};
/* End PBXFrameworksBuildPhase section */

/* Begin PBXGroup section */
		81709EE7286875D0008C0996 = {
			isa = PBXGroup;
			children = (
				81709F4928687EA5008C0996 /* SideBarDrawerDemo.xcodeproj */,
				81709EF3286875D0008C0996 /* SideBarDrawer */,
				81709EFF286875D0008C0996 /* SideBarDrawerTests */,
				81709EF2286875D0008C0996 /* Products */,
			);
			sourceTree = "<group>";
		};
		81709EF2286875D0008C0996 /* Products */ = {
			isa = PBXGroup;
			children = (
				81709EF1286875D0008C0996 /* SideBarDrawer.framework */,
				81709EFB286875D0008C0996 /* SideBarDrawerTests.xctest */,
			);
			name = Products;
			sourceTree = "<group>";
		};
		81709EF3286875D0008C0996 /* SideBarDrawer */ = {
			isa = PBXGroup;
			children = (
				81709EF4286875D0008C0996 /* SideBarDrawer.h */,
				81709F0B2868761A008C0996 /* SideBarViewController.swift */,
				81709EF5286875D0008C0996 /* SideBarDrawer.docc */,
			);
			path = SideBarDrawer;
			sourceTree = "<group>";
		};
		81709EFF286875D0008C0996 /* SideBarDrawerTests */ = {
			isa = PBXGroup;
			children = (
				81709F00286875D0008C0996 /* SideBarDrawerTests.swift */,
			);
			path = SideBarDrawerTests;
			sourceTree = "<group>";
		};
		81709F4A28687EA5008C0996 /* Products */ = {
			isa = PBXGroup;
			children = (
				81709F5028687EA5008C0996 /* SideBarDrawerDemo.app */,
				81709F5228687EA5008C0996 /* SideBarDrawerDemoTests.xctest */,
				81709F5428687EA5008C0996 /* SideBarDrawerDemoUITests.xctest */,
			);
			name = Products;
			sourceTree = "<group>";
		};
/* End PBXGroup section */

/* Begin PBXHeadersBuildPhase section */
		81709EEC286875D0008C0996 /* Headers */ = {
			isa = PBXHeadersBuildPhase;
			buildActionMask = 2147483647;
			files = (
				81709F02286875D0008C0996 /* SideBarDrawer.h in Headers */,
			);
			runOnlyForDeploymentPostprocessing = 0;
		};
/* End PBXHeadersBuildPhase section */

/* Begin PBXNativeTarget section */
		81709EF0286875D0008C0996 /* SideBarDrawer */ = {
			isa = PBXNativeTarget;
			buildConfigurationList = 81709F05286875D0008C0996 /* Build configuration list for PBXNativeTarget "SideBarDrawer" */;
			buildPhases = (
				81709EEC286875D0008C0996 /* Headers */,
				81709EED286875D0008C0996 /* Sources */,
				81709EEE286875D0008C0996 /* Frameworks */,
				81709EEF286875D0008C0996 /* Resources */,
			);
			buildRules = (
			);
			dependencies = (
			);
			name = SideBarDrawer;
			productName = SideBarDrawer;
			productReference = 81709EF1286875D0008C0996 /* SideBarDrawer.framework */;
			productType = "com.apple.product-type.framework";
		};
		81709EFA286875D0008C0996 /* SideBarDrawerTests */ = {
			isa = PBXNativeTarget;
			buildConfigurationList = 81709F08286875D0008C0996 /* Build configuration list for PBXNativeTarget "SideBarDrawerTests" */;
			buildPhases = (
				81709EF7286875D0008C0996 /* Sources */,
				81709EF8286875D0008C0996 /* Frameworks */,
				81709EF9286875D0008C0996 /* Resources */,
			);
			buildRules = (
			);
			dependencies = (
				81709EFE286875D0008C0996 /* PBXTargetDependency */,
			);
			name = SideBarDrawerTests;
			productName = SideBarDrawerTests;
			productReference = 81709EFB286875D0008C0996 /* SideBarDrawerTests.xctest */;
			productType = "com.apple.product-type.bundle.unit-test";
		};
/* End PBXNativeTarget section */

/* Begin PBXProject section */
		81709EE8286875D0008C0996 /* Project object */ = {
			isa = PBXProject;
			attributes = {
				BuildIndependentTargetsInParallel = 1;
				LastSwiftUpdateCheck = 1340;
				LastUpgradeCheck = 1340;
				TargetAttributes = {
					81709EF0286875D0008C0996 = {
						CreatedOnToolsVersion = 13.4;
					};
					81709EFA286875D0008C0996 = {
						CreatedOnToolsVersion = 13.4;
					};
				};
			};
			buildConfigurationList = 81709EEB286875D0008C0996 /* Build configuration list for PBXProject "SideBarDrawer" */;
			compatibilityVersion = "Xcode 13.0";
			developmentRegion = en;
			hasScannedForEncodings = 0;
			knownRegions = (
				en,
				Base,
			);
			mainGroup = 81709EE7286875D0008C0996;
			productRefGroup = 81709EF2286875D0008C0996 /* Products */;
			projectDirPath = "";
			projectReferences = (
				{
					ProductGroup = 81709F4A28687EA5008C0996 /* Products */;
					ProjectRef = 81709F4928687EA5008C0996 /* SideBarDrawerDemo.xcodeproj */;
				},
			);
			projectRoot = "";
			targets = (
				81709EF0286875D0008C0996 /* SideBarDrawer */,
				81709EFA286875D0008C0996 /* SideBarDrawerTests */,
			);
		};
/* End PBXProject section */

/* Begin PBXReferenceProxy section */
		81709F5028687EA5008C0996 /* SideBarDrawerDemo.app */ = {
			isa = PBXReferenceProxy;
			fileType = wrapper.application;
			path = SideBarDrawerDemo.app;
			remoteRef = 81709F4F28687EA5008C0996 /* PBXContainerItemProxy */;
			sourceTree = BUILT_PRODUCTS_DIR;
		};
		81709F5228687EA5008C0996 /* SideBarDrawerDemoTests.xctest */ = {
			isa = PBXReferenceProxy;
			fileType = wrapper.cfbundle;
			path = SideBarDrawerDemoTests.xctest;
			remoteRef = 81709F5128687EA5008C0996 /* PBXContainerItemProxy */;
			sourceTree = BUILT_PRODUCTS_DIR;
		};
		81709F5428687EA5008C0996 /* SideBarDrawerDemoUITests.xctest */ = {
			isa = PBXReferenceProxy;
			fileType = wrapper.cfbundle;
			path = SideBarDrawerDemoUITests.xctest;
			remoteRef = 81709F5328687EA5008C0996 /* PBXContainerItemProxy */;
			sourceTree = BUILT_PRODUCTS_DIR;
		};
/* End PBXReferenceProxy section */

/* Begin PBXResourcesBuildPhase section */
		81709EEF286875D0008C0996 /* Resources */ = {
			isa = PBXResourcesBuildPhase;
			buildActionMask = 2147483647;
			files = (
			);
			runOnlyForDeploymentPostprocessing = 0;
		};
		81709EF9286875D0008C0996 /* Resources */ = {
			isa = PBXResourcesBuildPhase;
			buildActionMask = 2147483647;
			files = (
			);
			runOnlyForDeploymentPostprocessing = 0;
		};
/* End PBXResourcesBuildPhase section */

/* Begin PBXSourcesBuildPhase section */
		81709EED286875D0008C0996 /* Sources */ = {
			isa = PBXSourcesBuildPhase;
			buildActionMask = 2147483647;
			files = (
				81709EF6286875D0008C0996 /* SideBarDrawer.docc in Sources */,
				81709F0C2868761A008C0996 /* SideBarViewController.swift in Sources */,
			);
			runOnlyForDeploymentPostprocessing = 0;
		};
		81709EF7286875D0008C0996 /* Sources */ = {
			isa = PBXSourcesBuildPhase;
			buildActionMask = 2147483647;
			files = (
				81709F01286875D0008C0996 /* SideBarDrawerTests.swift in Sources */,
			);
			runOnlyForDeploymentPostprocessing = 0;
		};
/* End PBXSourcesBuildPhase section */

/* Begin PBXTargetDependency section */
		81709EFE286875D0008C0996 /* PBXTargetDependency */ = {
			isa = PBXTargetDependency;
			target = 81709EF0286875D0008C0996 /* SideBarDrawer */;
			targetProxy = 81709EFD286875D0008C0996 /* PBXContainerItemProxy */;
		};
/* End PBXTargetDependency section */

/* Begin XCBuildConfiguration section */
		81709F03286875D0008C0996 /* Debug */ = {
			isa = XCBuildConfiguration;
			buildSettings = {
				ALWAYS_SEARCH_USER_PATHS = NO;
				CLANG_ANALYZER_NONNULL = YES;
				CLANG_ANALYZER_NUMBER_OBJECT_CONVERSION = YES_AGGRESSIVE;
				CLANG_CXX_LANGUAGE_STANDARD = "gnu++17";
				CLANG_ENABLE_MODULES = YES;
				CLANG_ENABLE_OBJC_ARC = YES;
				CLANG_ENABLE_OBJC_WEAK = YES;
				CLANG_WARN_BLOCK_CAPTURE_AUTORELEASING = YES;
				CLANG_WARN_BOOL_CONVERSION = YES;
				CLANG_WARN_COMMA = YES;
				CLANG_WARN_CONSTANT_CONVERSION = YES;
				CLANG_WARN_DEPRECATED_OBJC_IMPLEMENTATIONS = YES;
				CLANG_WARN_DIRECT_OBJC_ISA_USAGE = YES_ERROR;
				CLANG_WARN_DOCUMENTATION_COMMENTS = YES;
				CLANG_WARN_EMPTY_BODY = YES;
				CLANG_WARN_ENUM_CONVERSION = YES;
				CLANG_WARN_INFINITE_RECURSION = YES;
				CLANG_WARN_INT_CONVERSION = YES;
				CLANG_WARN_NON_LITERAL_NULL_CONVERSION = YES;
				CLANG_WARN_OBJC_IMPLICIT_RETAIN_SELF = YES;
				CLANG_WARN_OBJC_LITERAL_CONVERSION = YES;
				CLANG_WARN_OBJC_ROOT_CLASS = YES_ERROR;
				CLANG_WARN_QUOTED_INCLUDE_IN_FRAMEWORK_HEADER = YES;
				CLANG_WARN_RANGE_LOOP_ANALYSIS = YES;
				CLANG_WARN_STRICT_PROTOTYPES = YES;
				CLANG_WARN_SUSPICIOUS_MOVE = YES;
				CLANG_WARN_UNGUARDED_AVAILABILITY = YES_AGGRESSIVE;
				CLANG_WARN_UNREACHABLE_CODE = YES;
				CLANG_WARN__DUPLICATE_METHOD_MATCH = YES;
				COPY_PHASE_STRIP = NO;
				CURRENT_PROJECT_VERSION = 1;
				DEBUG_INFORMATION_FORMAT = dwarf;
				ENABLE_STRICT_OBJC_MSGSEND = YES;
				ENABLE_TESTABILITY = YES;
				GCC_C_LANGUAGE_STANDARD = gnu11;
				GCC_DYNAMIC_NO_PIC = NO;
				GCC_NO_COMMON_BLOCKS = YES;
				GCC_OPTIMIZATION_LEVEL = 0;
				GCC_PREPROCESSOR_DEFINITIONS = (
					"DEBUG=1",
					"$(inherited)",
				);
				GCC_WARN_64_TO_32_BIT_CONVERSION = YES;
				GCC_WARN_ABOUT_RETURN_TYPE = YES_ERROR;
				GCC_WARN_UNDECLARED_SELECTOR = YES;
				GCC_WARN_UNINITIALIZED_AUTOS = YES_AGGRESSIVE;
				GCC_WARN_UNUSED_FUNCTION = YES;
				GCC_WARN_UNUSED_VARIABLE = YES;
				IPHONEOS_DEPLOYMENT_TARGET = 15.5;
				MTL_ENABLE_DEBUG_INFO = INCLUDE_SOURCE;
				MTL_FAST_MATH = YES;
				ONLY_ACTIVE_ARCH = YES;
				SDKROOT = iphoneos;
				SWIFT_ACTIVE_COMPILATION_CONDITIONS = DEBUG;
				SWIFT_OPTIMIZATION_LEVEL = "-Onone";
				VERSIONING_SYSTEM = "apple-generic";
				VERSION_INFO_PREFIX = "";
			};
			name = Debug;
		};
		81709F04286875D0008C0996 /* Release */ = {
			isa = XCBuildConfiguration;
			buildSettings = {
				ALWAYS_SEARCH_USER_PATHS = NO;
				CLANG_ANALYZER_NONNULL = YES;
				CLANG_ANALYZER_NUMBER_OBJECT_CONVERSION = YES_AGGRESSIVE;
				CLANG_CXX_LANGUAGE_STANDARD = "gnu++17";
				CLANG_ENABLE_MODULES = YES;
				CLANG_ENABLE_OBJC_ARC = YES;
				CLANG_ENABLE_OBJC_WEAK = YES;
				CLANG_WARN_BLOCK_CAPTURE_AUTORELEASING = YES;
				CLANG_WARN_BOOL_CONVERSION = YES;
				CLANG_WARN_COMMA = YES;
				CLANG_WARN_CONSTANT_CONVERSION = YES;
				CLANG_WARN_DEPRECATED_OBJC_IMPLEMENTATIONS = YES;
				CLANG_WARN_DIRECT_OBJC_ISA_USAGE = YES_ERROR;
				CLANG_WARN_DOCUMENTATION_COMMENTS = YES;
				CLANG_WARN_EMPTY_BODY = YES;
				CLANG_WARN_ENUM_CONVERSION = YES;
				CLANG_WARN_INFINITE_RECURSION = YES;
				CLANG_WARN_INT_CONVERSION = YES;
				CLANG_WARN_NON_LITERAL_NULL_CONVERSION = YES;
				CLANG_WARN_OBJC_IMPLICIT_RETAIN_SELF = YES;
				CLANG_WARN_OBJC_LITERAL_CONVERSION = YES;
				CLANG_WARN_OBJC_ROOT_CLASS = YES_ERROR;
				CLANG_WARN_QUOTED_INCLUDE_IN_FRAMEWORK_HEADER = YES;
				CLANG_WARN_RANGE_LOOP_ANALYSIS = YES;
				CLANG_WARN_STRICT_PROTOTYPES = YES;
				CLANG_WARN_SUSPICIOUS_MOVE = YES;
				CLANG_WARN_UNGUARDED_AVAILABILITY = YES_AGGRESSIVE;
				CLANG_WARN_UNREACHABLE_CODE = YES;
				CLANG_WARN__DUPLICATE_METHOD_MATCH = YES;
				COPY_PHASE_STRIP = NO;
				CURRENT_PROJECT_VERSION = 1;
				DEBUG_INFORMATION_FORMAT = "dwarf-with-dsym";
				ENABLE_NS_ASSERTIONS = NO;
				ENABLE_STRICT_OBJC_MSGSEND = YES;
				GCC_C_LANGUAGE_STANDARD = gnu11;
				GCC_NO_COMMON_BLOCKS = YES;
				GCC_WARN_64_TO_32_BIT_CONVERSION = YES;
				GCC_WARN_ABOUT_RETURN_TYPE = YES_ERROR;
				GCC_WARN_UNDECLARED_SELECTOR = YES;
				GCC_WARN_UNINITIALIZED_AUTOS = YES_AGGRESSIVE;
				GCC_WARN_UNUSED_FUNCTION = YES;
				GCC_WARN_UNUSED_VARIABLE = YES;
				IPHONEOS_DEPLOYMENT_TARGET = 15.5;
				MTL_ENABLE_DEBUG_INFO = NO;
				MTL_FAST_MATH = YES;
				SDKROOT = iphoneos;
				SWIFT_COMPILATION_MODE = wholemodule;
				SWIFT_OPTIMIZATION_LEVEL = "-O";
				VALIDATE_PRODUCT = YES;
				VERSIONING_SYSTEM = "apple-generic";
				VERSION_INFO_PREFIX = "";
			};
			name = Release;
		};
		81709F06286875D0008C0996 /* Debug */ = {
			isa = XCBuildConfiguration;
			buildSettings = {
				CODE_SIGN_STYLE = Automatic;
				CURRENT_PROJECT_VERSION = 1;
				DEFINES_MODULE = YES;
				DEVELOPMENT_TEAM = S9Z56LSBZ7;
				DYLIB_COMPATIBILITY_VERSION = 1;
				DYLIB_CURRENT_VERSION = 1;
				DYLIB_INSTALL_NAME_BASE = "@rpath";
				GENERATE_INFOPLIST_FILE = YES;
				INFOPLIST_KEY_NSHumanReadableCopyright = "";
				INSTALL_PATH = "$(LOCAL_LIBRARY_DIR)/Frameworks";
				IPHONEOS_DEPLOYMENT_TARGET = 10.0;
				LD_RUNPATH_SEARCH_PATHS = (
					"$(inherited)",
					"@executable_path/Frameworks",
					"@loader_path/Frameworks",
				);
				MARKETING_VERSION = 1.0;
				PRODUCT_BUNDLE_IDENTIFIER = com.Bikayi.ios.code.SideBarDrawer;
				PRODUCT_NAME = "$(TARGET_NAME:c99extidentifier)";
				SKIP_INSTALL = YES;
				SUPPORTS_MACCATALYST = YES;
				SWIFT_EMIT_LOC_STRINGS = YES;
				SWIFT_VERSION = 5.0;
				TARGETED_DEVICE_FAMILY = "1,2";
			};
			name = Debug;
		};
		81709F07286875D0008C0996 /* Release */ = {
			isa = XCBuildConfiguration;
			buildSettings = {
				CODE_SIGN_STYLE = Automatic;
				CURRENT_PROJECT_VERSION = 1;
				DEFINES_MODULE = YES;
				DEVELOPMENT_TEAM = S9Z56LSBZ7;
				DYLIB_COMPATIBILITY_VERSION = 1;
				DYLIB_CURRENT_VERSION = 1;
				DYLIB_INSTALL_NAME_BASE = "@rpath";
				GENERATE_INFOPLIST_FILE = YES;
				INFOPLIST_KEY_NSHumanReadableCopyright = "";
				INSTALL_PATH = "$(LOCAL_LIBRARY_DIR)/Frameworks";
				IPHONEOS_DEPLOYMENT_TARGET = 10.0;
				LD_RUNPATH_SEARCH_PATHS = (
					"$(inherited)",
					"@executable_path/Frameworks",
					"@loader_path/Frameworks",
				);
				MARKETING_VERSION = 1.0;
				PRODUCT_BUNDLE_IDENTIFIER = com.Bikayi.ios.code.SideBarDrawer;
				PRODUCT_NAME = "$(TARGET_NAME:c99extidentifier)";
				SKIP_INSTALL = YES;
				SUPPORTS_MACCATALYST = YES;
				SWIFT_EMIT_LOC_STRINGS = YES;
				SWIFT_VERSION = 5.0;
				TARGETED_DEVICE_FAMILY = "1,2";
			};
			name = Release;
		};
		81709F09286875D0008C0996 /* Debug */ = {
			isa = XCBuildConfiguration;
			buildSettings = {
				ALWAYS_EMBED_SWIFT_STANDARD_LIBRARIES = YES;
				CODE_SIGN_STYLE = Automatic;
				CURRENT_PROJECT_VERSION = 1;
				DEVELOPMENT_TEAM = S9Z56LSBZ7;
				GENERATE_INFOPLIST_FILE = YES;
				MARKETING_VERSION = 1.0;
				PRODUCT_BUNDLE_IDENTIFIER = com.Bikayi.ios.code.SideBarDrawerTests;
				PRODUCT_NAME = "$(TARGET_NAME)";
				SWIFT_EMIT_LOC_STRINGS = NO;
				SWIFT_VERSION = 5.0;
				TARGETED_DEVICE_FAMILY = "1,2";
			};
			name = Debug;
		};
		81709F0A286875D0008C0996 /* Release */ = {
			isa = XCBuildConfiguration;
			buildSettings = {
				ALWAYS_EMBED_SWIFT_STANDARD_LIBRARIES = YES;
				CODE_SIGN_STYLE = Automatic;
				CURRENT_PROJECT_VERSION = 1;
				DEVELOPMENT_TEAM = S9Z56LSBZ7;
				GENERATE_INFOPLIST_FILE = YES;
				MARKETING_VERSION = 1.0;
				PRODUCT_BUNDLE_IDENTIFIER = com.Bikayi.ios.code.SideBarDrawerTests;
				PRODUCT_NAME = "$(TARGET_NAME)";
				SWIFT_EMIT_LOC_STRINGS = NO;
				SWIFT_VERSION = 5.0;
				TARGETED_DEVICE_FAMILY = "1,2";
			};
			name = Release;
		};
/* End XCBuildConfiguration section */

/* Begin XCConfigurationList section */
		81709EEB286875D0008C0996 /* Build configuration list for PBXProject "SideBarDrawer" */ = {
			isa = XCConfigurationList;
			buildConfigurations = (
				81709F03286875D0008C0996 /* Debug */,
				81709F04286875D0008C0996 /* Release */,
			);
			defaultConfigurationIsVisible = 0;
			defaultConfigurationName = Release;
		};
		81709F05286875D0008C0996 /* Build configuration list for PBXNativeTarget "SideBarDrawer" */ = {
			isa = XCConfigurationList;
			buildConfigurations = (
				81709F06286875D0008C0996 /* Debug */,
				81709F07286875D0008C0996 /* Release */,
			);
			defaultConfigurationIsVisible = 0;
			defaultConfigurationName = Release;
		};
		81709F08286875D0008C0996 /* Build configuration list for PBXNativeTarget "SideBarDrawerTests" */ = {
			isa = XCConfigurationList;
			buildConfigurations = (
				81709F09286875D0008C0996 /* Debug */,
				81709F0A286875D0008C0996 /* Release */,
			);
			defaultConfigurationIsVisible = 0;
			defaultConfigurationName = Release;
		};
/* End XCConfigurationList section */
	};
	rootObject = 81709EE8286875D0008C0996 /* Project object */;
}
